{
  "name": "assets",
  "lockfileVersion": 2,
  "requires": true,
  "packages": {
    "": {
      "dependencies": {
        "material-icons": "^1.10.5",
        "materialize-css": "^1.0.0-rc.2"
      }
    },
    "node_modules/material-icons": {
      "version": "1.10.5",
      "resolved": "https://registry.npmjs.org/material-icons/-/material-icons-1.10.5.tgz",
      "integrity": "sha512-+4l0xbfKlA2eSXJrhISYvCvT8e9HqQk3BLdOCPGal5qPYAQoTI8TTacYI0yXyf7WS6BpKrhQemUenhmR0IoS8A=="
    },
    "node_modules/materialize-css": {
      "version": "1.0.0-rc.2",
      "resolved": "https://registry.npmjs.org/materialize-css/-/materialize-css-1.0.0-rc.2.tgz",
      "integrity": "sha512-FuQmSyq4Qv0ov7A2qXw0E6/jbQzSWx2P1pg2/XQDYTkkSc/GyiFAxu3fw9zgShwuTvyumEiw5jkxQWT9siqMBQ=="
    }
  },
  "dependencies": {
    "material-icons": {
      "version": "1.10.5",
      "resolved": "https://registry.npmjs.org/material-icons/-/material-icons-1.10.5.tgz",
      "integrity": "sha512-+4l0xbfKlA2eSXJrhISYvCvT8e9HqQk3BLdOCPGal5qPYAQoTI8TTacYI0yXyf7WS6BpKrhQemUenhmR0IoS8A=="
    },
    "materialize-css": {
      "version": "1.0.0-rc.2",
      "resolved": "https://registry.npmjs.org/materialize-css/-/materialize-css-1.0.0-rc.2.tgz",
      "integrity": "sha512-FuQmSyq4Qv0ov7A2qXw0E6/jbQzSWx2P1pg2/XQDYTkkSc/GyiFAxu3fw9zgShwuTvyumEiw5jkxQWT9siqMBQ=="
    }
  }
}
